
Microsoft Visual Studio Solution File, Format Version 12.00
# Visual Studio Version 17
VisualStudioVersion = 17.10.35027.167
MinimumVisualStudioVersion = 10.0.40219.1
Project("{9A19103F-16F7-4668-BE54-9A1E7A4F7556}") = "Dispatcher", "Dispatcher\Dispatcher.csproj", "{00CBDCF6-4CBB-436B-BC94-9DA6F5376E9B}"
EndProject
Project("{FAE04EC0-301F-11D3-BF4B-00C04F79EFBC}") = "Dispatcher.DAL", "Dispatcher.DAL\Dispatcher.DAL.csproj", "{580AB274-39B4-4763-A58A-B099A795542A}"
EndProject
Global
	GlobalSection(SolutionConfigurationPlatforms) = preSolution
		Debug|Any CPU = Debug|Any CPU
		Release|Any CPU = Release|Any CPU
	EndGlobalSection
	GlobalSection(ProjectConfigurationPlatforms) = postSolution
		{00CBDCF6-4CBB-436B-BC94-9DA6F5376E9B}.Debug|Any CPU.ActiveCfg = Debug|Any CPU
		{00CBDCF6-4CBB-436B-BC94-9DA6F5376E9B}.Debug|Any CPU.Build.0 = Debug|Any CPU
		{00CBDCF6-4CBB-436B-BC94-9DA6F5376E9B}.Release|Any CPU.ActiveCfg = Release|Any CPU
		{00CBDCF6-4CBB-436B-BC94-9DA6F5376E9B}.Release|Any CPU.Build.0 = Release|Any CPU
		{580AB274-39B4-4763-A58A-B099A795542A}.Debug|Any CPU.ActiveCfg = Debug|Any CPU
		{580AB274-39B4-4763-A58A-B099A795542A}.Debug|Any CPU.Build.0 = Debug|Any CPU
		{580AB274-39B4-4763-A58A-B099A795542A}.Release|Any CPU.ActiveCfg = Release|Any CPU
		{580AB274-39B4-4763-A58A-B099A795542A}.Release|Any CPU.Build.0 = Release|Any CPU
	EndGlobalSection
	GlobalSection(SolutionProperties) = preSolution
		HideSolutionNode = FALSE
	EndGlobalSection
	GlobalSection(ExtensibilityGlobals) = postSolution
		SolutionGuid = {93434996-A32F-4278-9C68-EFB516C40175}
	EndGlobalSection
EndGlobal
